{
  "name": "safeswap",
  "version": "1.0.0",
  "lockfileVersion": 3,
  "requires": true,
  "packages": {
    "": {
      "name": "safeswap",
      "version": "1.0.0",
      "license": "ISC",
      "devDependencies": {
        "lefthook": "^1.8.2"
      }
    },
    "node_modules/lefthook": {
      "version": "1.8.2",
      "resolved": "https://registry.npmjs.org/lefthook/-/lefthook-1.8.2.tgz",
      "integrity": "sha512-lMXbcFHNDr+gzy/7ghuJDVB/Yyycj+ZL/7pN3Gm/s5Xqrc9+5sj3IrDAPylcEJ1cKCbUnXbwESrhhqpcYv4d4g==",
      "dev": true,
      "hasInstallScript": true,
      "bin": {
        "lefthook": "bin/index.js"
      },
      "optionalDependencies": {
        "lefthook-darwin-arm64": "1.8.2",
        "lefthook-darwin-x64": "1.8.2",
        "lefthook-freebsd-arm64": "1.8.2",
        "lefthook-freebsd-x64": "1.8.2",
        "lefthook-linux-arm64": "1.8.2",
        "lefthook-linux-x64": "1.8.2",
        "lefthook-openbsd-arm64": "1.8.2",
        "lefthook-openbsd-x64": "1.8.2",
        "lefthook-windows-arm64": "1.8.2",
        "lefthook-windows-x64": "1.8.2"
      }
    },
    "node_modules/lefthook-darwin-arm64": {
      "version": "1.8.2",
      "resolved": "https://registry.npmjs.org/lefthook-darwin-arm64/-/lefthook-darwin-arm64-1.8.2.tgz",
      "integrity": "sha512-g41SoFUv8SzHpG1NOPkHUEPhC1tJM5FF3Vo+HESmLmL9cDfd7JncHFPy59rVnC9Q8nOS0rvoik5HTq+3/wcfww==",
      "cpu": [
        "arm64"
      ],
      "dev": true,
      "optional": true,
      "os": [
        "darwin"
      ]
    },
    "node_modules/lefthook-darwin-x64": {
      "version": "1.8.2",
      "resolved": "https://registry.npmjs.org/lefthook-darwin-x64/-/lefthook-darwin-x64-1.8.2.tgz",
      "integrity": "sha512-IlCm4PrA/aAZ1MChiExYTbladC87GaxmYHOMHCeChLecqn+lypAuiYLgf7w5r2s3MjH5rbXImfU925NRKi6RXQ==",
      "cpu": [
        "x64"
      ],
      "dev": true,
      "optional": true,
      "os": [
        "darwin"
      ]
    },
    "node_modules/lefthook-freebsd-arm64": {
      "version": "1.8.2",
      "resolved": "https://registry.npmjs.org/lefthook-freebsd-arm64/-/lefthook-freebsd-arm64-1.8.2.tgz",
      "integrity": "sha512-f7AIvuIEXUUR1ZutIFxjYKFDAVUBrdsLm+cbwOCjdfpJh7j2Fjg6nKXbDcglPXlX9Ix+nw9pHbJE2DAgzkI1Vw==",
      "cpu": [
        "arm64"
      ],
      "dev": true,
      "optional": true,
      "os": [
        "freebsd"
      ]
    },
    "node_modules/lefthook-freebsd-x64": {
      "version": "1.8.2",
      "resolved": "https://registry.npmjs.org/lefthook-freebsd-x64/-/lefthook-freebsd-x64-1.8.2.tgz",
      "integrity": "sha512-DSDL64fRLSNSWOa1y2bGXwXPiwU1fbAXpj63j6jeQ0jkgu6k+3XL/PBXKh80cI6MvCKz/KQKCtIencXZZ2Ua4Q==",
      "cpu": [
        "x64"
      ],
      "dev": true,
      "optional": true,
      "os": [
        "freebsd"
      ]
    },
    "node_modules/lefthook-linux-arm64": {
      "version": "1.8.2",
      "resolved": "https://registry.npmjs.org/lefthook-linux-arm64/-/lefthook-linux-arm64-1.8.2.tgz",
      "integrity": "sha512-sJ95X+ZH8ayIE7ApiGEq5ZF9KGA+eKiocJU+536bLbAIHw5WjGmv2x3llFqUxH/zAmLe3k542oZ4d84wEO0EGQ==",
      "cpu": [
        "arm64"
      ],
      "dev": true,
      "optional": true,
      "os": [
        "linux"
      ]
    },
    "node_modules/lefthook-linux-x64": {
      "version": "1.8.2",
      "resolved": "https://registry.npmjs.org/lefthook-linux-x64/-/lefthook-linux-x64-1.8.2.tgz",
      "integrity": "sha512-2eirc61M0WjlbSHamAgGf9iWsQTYz4IT6PAPm66vUaeG34+5D66xFicIV6pK2niRGUOPtNs8Kt4lboKtW+ba5g==",
      "cpu": [
        "x64"
      ],
      "dev": true,
      "optional": true,
      "os": [
        "linux"
      ]
    },
    "node_modules/lefthook-openbsd-arm64": {
      "version": "1.8.2",
      "resolved": "https://registry.npmjs.org/lefthook-openbsd-arm64/-/lefthook-openbsd-arm64-1.8.2.tgz",
      "integrity": "sha512-ZMop7htaSwP3MiL06WHUV36EX05N33o0WzNzC8NO5KEubn8Z74vbXcaq6qYezmgi+erkG6dtTnlbcZy5PFvFIA==",
      "cpu": [
        "arm64"
      ],
      "dev": true,
      "optional": true,
      "os": [
        "openbsd"
      ]
    },
    "node_modules/lefthook-openbsd-x64": {
      "version": "1.8.2",
      "resolved": "https://registry.npmjs.org/lefthook-openbsd-x64/-/lefthook-openbsd-x64-1.8.2.tgz",
      "integrity": "sha512-jXFoxmpYXO6ZafgQJVvk3MYlRgOBJD3n7H8A1Bj1E2yrLzOhKevUKlTNwZTxQdxlnvoo33yD6SjVSujZavEGpw==",
      "cpu": [
        "x64"
      ],
      "dev": true,
      "optional": true,
      "os": [
        "openbsd"
      ]
    },
    "node_modules/lefthook-windows-arm64": {
      "version": "1.8.2",
      "resolved": "https://registry.npmjs.org/lefthook-windows-arm64/-/lefthook-windows-arm64-1.8.2.tgz",
      "integrity": "sha512-hsQUSk6kmB8E0UMD3Mk6ROoa7qv6XmigfPsn9tFjmbZ2aO+kpBfWitZ5v+gcjNp44yaECs3YTMIfv3QFwXlRCw==",
      "cpu": [
        "arm64"
      ],
      "dev": true,
      "optional": true,
      "os": [
        "win32"
      ]
    },
    "node_modules/lefthook-windows-x64": {
      "version": "1.8.2",
      "resolved": "https://registry.npmjs.org/lefthook-windows-x64/-/lefthook-windows-x64-1.8.2.tgz",
      "integrity": "sha512-YypbMhvgAtkL7y+O3OlF81vwua7X4jloBz5hO3fILAuzaGAiPE1VbeuqRweV8VuKK4L/ZVVKqmpesygBUNDp9w==",
      "cpu": [
        "x64"
      ],
      "dev": true,
      "optional": true,
      "os": [
        "win32"
      ]
    }
  }
}
